
Microsoft Visual Studio Solution File, Format Version 12.00
# Visual Studio Version 16
VisualStudioVersion = 16.0.29503.13
MinimumVisualStudioVersion = 10.0.40219.1
Project("{9A19103F-16F7-4668-BE54-9A1E7A4F7556}") = "MyServiceBus.Domains", "MyServiceBus.Domains\MyServiceBus.Domains.csproj", "{FA722C4F-2F37-4378-81E2-EA745514330B}"
EndProject
Project("{9A19103F-16F7-4668-BE54-9A1E7A4F7556}") = "MyServiceBus.Persistence.AzureStorage", "MyServiceBus.Persistence.AzureStorage\MyServiceBus.Persistence.AzureStorage.csproj", "{6EE335FE-8370-4A01-BBC5-CF61DDC37631}"
EndProject
Project("{9A19103F-16F7-4668-BE54-9A1E7A4F7556}") = "MyServiceBus.Server", "MyServiceBus.Server\MyServiceBus.Server.csproj", "{DD437FF7-20F6-4E5B-8317-3D49125E960B}"
EndProject
Project("{9A19103F-16F7-4668-BE54-9A1E7A4F7556}") = "MyServiceBus.Domains.Tests", "MyServiceBus.Domains.Tests\MyServiceBus.Domains.Tests.csproj", "{555DCA86-07AB-418D-8A61-7E10EB17E007}"
EndProject
Project("{2150E333-8FDC-42A3-9474-1A3956D46DE8}") = "01.Core", "01.Core", "{14673DF2-9A4A-4D20-B698-AE38D6882BC3}"
EndProject
Project("{2150E333-8FDC-42A3-9474-1A3956D46DE8}") = "02.Clients", "02.Clients", "{755FD480-157F-4EFC-8206-05CA52607C6A}"
EndProject
Project("{9A19103F-16F7-4668-BE54-9A1E7A4F7556}") = "MyServiceBus.TcpContracts", "MyServiceBus.TcpContracts\MyServiceBus.TcpContracts.csproj", "{5F96E7A5-6093-4662-AEEB-E5BD91513FC5}"
EndProject
Project("{9A19103F-16F7-4668-BE54-9A1E7A4F7556}") = "MyServiceBus.TcpContracts.Tests", "MyServiceBus.TcpContracts.Tests\MyServiceBus.TcpContracts.Tests.csproj", "{9706AB67-263C-4F38-8D95-964D55F62A55}"
EndProject
Project("{9A19103F-16F7-4668-BE54-9A1E7A4F7556}") = "MyServiceBus.Abstractions", "MyServiceBus.Abstractions\MyServiceBus.Abstractions.csproj", "{C3FA13CA-EC05-466F-87AF-E7C0221ADAE1}"
EndProject
Project("{9A19103F-16F7-4668-BE54-9A1E7A4F7556}") = "MyServiceBus.Abstractions.Tests", "MyServiceBus.Abstractions.Tests\MyServiceBus.Abstractions.Tests.csproj", "{C42C2F2F-0BDC-42F8-9AC2-8C5190CAA153}"
EndProject
Project("{9A19103F-16F7-4668-BE54-9A1E7A4F7556}") = "MyServiceBus.TcpClient", "MyServiceBus.TcpClient\MyServiceBus.TcpClient.csproj", "{3B956F33-5960-4C8B-A77F-9994D5D85CFD}"
EndProject
Project("{9A19103F-16F7-4668-BE54-9A1E7A4F7556}") = "MyServiceBus.TcpClient.Tests", "MyServiceBus.TcpClient.Tests\MyServiceBus.TcpClient.Tests.csproj", "{E2C84588-BBE0-445A-A548-E821641E9E08}"
EndProject
Global
	GlobalSection(SolutionConfigurationPlatforms) = preSolution
		Debug|Any CPU = Debug|Any CPU
		Release|Any CPU = Release|Any CPU
	EndGlobalSection
	GlobalSection(ProjectConfigurationPlatforms) = postSolution
		{FA722C4F-2F37-4378-81E2-EA745514330B}.Debug|Any CPU.ActiveCfg = Debug|Any CPU
		{FA722C4F-2F37-4378-81E2-EA745514330B}.Debug|Any CPU.Build.0 = Debug|Any CPU
		{FA722C4F-2F37-4378-81E2-EA745514330B}.Release|Any CPU.ActiveCfg = Release|Any CPU
		{FA722C4F-2F37-4378-81E2-EA745514330B}.Release|Any CPU.Build.0 = Release|Any CPU
		{6EE335FE-8370-4A01-BBC5-CF61DDC37631}.Debug|Any CPU.ActiveCfg = Debug|Any CPU
		{6EE335FE-8370-4A01-BBC5-CF61DDC37631}.Debug|Any CPU.Build.0 = Debug|Any CPU
		{6EE335FE-8370-4A01-BBC5-CF61DDC37631}.Release|Any CPU.ActiveCfg = Release|Any CPU
		{6EE335FE-8370-4A01-BBC5-CF61DDC37631}.Release|Any CPU.Build.0 = Release|Any CPU
		{DD437FF7-20F6-4E5B-8317-3D49125E960B}.Debug|Any CPU.ActiveCfg = Debug|Any CPU
		{DD437FF7-20F6-4E5B-8317-3D49125E960B}.Debug|Any CPU.Build.0 = Debug|Any CPU
		{DD437FF7-20F6-4E5B-8317-3D49125E960B}.Release|Any CPU.ActiveCfg = Release|Any CPU
		{DD437FF7-20F6-4E5B-8317-3D49125E960B}.Release|Any CPU.Build.0 = Release|Any CPU
		{555DCA86-07AB-418D-8A61-7E10EB17E007}.Debug|Any CPU.ActiveCfg = Debug|Any CPU
		{555DCA86-07AB-418D-8A61-7E10EB17E007}.Debug|Any CPU.Build.0 = Debug|Any CPU
		{555DCA86-07AB-418D-8A61-7E10EB17E007}.Release|Any CPU.ActiveCfg = Release|Any CPU
		{555DCA86-07AB-418D-8A61-7E10EB17E007}.Release|Any CPU.Build.0 = Release|Any CPU
		{5F96E7A5-6093-4662-AEEB-E5BD91513FC5}.Debug|Any CPU.ActiveCfg = Debug|Any CPU
		{5F96E7A5-6093-4662-AEEB-E5BD91513FC5}.Debug|Any CPU.Build.0 = Debug|Any CPU
		{5F96E7A5-6093-4662-AEEB-E5BD91513FC5}.Release|Any CPU.ActiveCfg = Release|Any CPU
		{5F96E7A5-6093-4662-AEEB-E5BD91513FC5}.Release|Any CPU.Build.0 = Release|Any CPU
		{9706AB67-263C-4F38-8D95-964D55F62A55}.Debug|Any CPU.ActiveCfg = Debug|Any CPU
		{9706AB67-263C-4F38-8D95-964D55F62A55}.Debug|Any CPU.Build.0 = Debug|Any CPU
		{9706AB67-263C-4F38-8D95-964D55F62A55}.Release|Any CPU.ActiveCfg = Release|Any CPU
		{9706AB67-263C-4F38-8D95-964D55F62A55}.Release|Any CPU.Build.0 = Release|Any CPU
		{C3FA13CA-EC05-466F-87AF-E7C0221ADAE1}.Debug|Any CPU.ActiveCfg = Debug|Any CPU
		{C3FA13CA-EC05-466F-87AF-E7C0221ADAE1}.Debug|Any CPU.Build.0 = Debug|Any CPU
		{C3FA13CA-EC05-466F-87AF-E7C0221ADAE1}.Release|Any CPU.ActiveCfg = Release|Any CPU
		{C3FA13CA-EC05-466F-87AF-E7C0221ADAE1}.Release|Any CPU.Build.0 = Release|Any CPU
		{C42C2F2F-0BDC-42F8-9AC2-8C5190CAA153}.Debug|Any CPU.ActiveCfg = Debug|Any CPU
		{C42C2F2F-0BDC-42F8-9AC2-8C5190CAA153}.Debug|Any CPU.Build.0 = Debug|Any CPU
		{C42C2F2F-0BDC-42F8-9AC2-8C5190CAA153}.Release|Any CPU.ActiveCfg = Release|Any CPU
		{C42C2F2F-0BDC-42F8-9AC2-8C5190CAA153}.Release|Any CPU.Build.0 = Release|Any CPU
		{3B956F33-5960-4C8B-A77F-9994D5D85CFD}.Debug|Any CPU.ActiveCfg = Debug|Any CPU
		{3B956F33-5960-4C8B-A77F-9994D5D85CFD}.Debug|Any CPU.Build.0 = Debug|Any CPU
		{3B956F33-5960-4C8B-A77F-9994D5D85CFD}.Release|Any CPU.ActiveCfg = Release|Any CPU
		{3B956F33-5960-4C8B-A77F-9994D5D85CFD}.Release|Any CPU.Build.0 = Release|Any CPU
		{E2C84588-BBE0-445A-A548-E821641E9E08}.Debug|Any CPU.ActiveCfg = Debug|Any CPU
		{E2C84588-BBE0-445A-A548-E821641E9E08}.Debug|Any CPU.Build.0 = Debug|Any CPU
		{E2C84588-BBE0-445A-A548-E821641E9E08}.Release|Any CPU.ActiveCfg = Release|Any CPU
		{E2C84588-BBE0-445A-A548-E821641E9E08}.Release|Any CPU.Build.0 = Release|Any CPU
	EndGlobalSection
	GlobalSection(SolutionProperties) = preSolution
		HideSolutionNode = FALSE
	EndGlobalSection
	GlobalSection(NestedProjects) = preSolution
		{FA722C4F-2F37-4378-81E2-EA745514330B} = {14673DF2-9A4A-4D20-B698-AE38D6882BC3}
		{6EE335FE-8370-4A01-BBC5-CF61DDC37631} = {14673DF2-9A4A-4D20-B698-AE38D6882BC3}
		{555DCA86-07AB-418D-8A61-7E10EB17E007} = {14673DF2-9A4A-4D20-B698-AE38D6882BC3}
		{5F96E7A5-6093-4662-AEEB-E5BD91513FC5} = {755FD480-157F-4EFC-8206-05CA52607C6A}
		{9706AB67-263C-4F38-8D95-964D55F62A55} = {755FD480-157F-4EFC-8206-05CA52607C6A}
		{C3FA13CA-EC05-466F-87AF-E7C0221ADAE1} = {14673DF2-9A4A-4D20-B698-AE38D6882BC3}
		{C42C2F2F-0BDC-42F8-9AC2-8C5190CAA153} = {14673DF2-9A4A-4D20-B698-AE38D6882BC3}
		{3B956F33-5960-4C8B-A77F-9994D5D85CFD} = {755FD480-157F-4EFC-8206-05CA52607C6A}
		{E2C84588-BBE0-445A-A548-E821641E9E08} = {755FD480-157F-4EFC-8206-05CA52607C6A}
	EndGlobalSection
	GlobalSection(ExtensibilityGlobals) = postSolution
		SolutionGuid = {AEFD7D59-2AB1-432F-AA87-2E7E15658AC7}
	EndGlobalSection
EndGlobal
